
Microsoft Visual Studio Solution File, Format Version 12.00
# Visual Studio 15
VisualStudioVersion = 15.0.26228.4
MinimumVisualStudioVersion = 10.0.40219.1
Project("{8BC9CEB8-8B4A-11D0-8D11-00A0C91BC942}") = "3.51_list_initialization", "3.5.1_list_initialization\3.5.1_list_initialization.vcxproj", "{8E9E7A96-CEB7-4067-938F-96FE4422D3D1}"
EndProject
Project("{8BC9CEB8-8B4A-11D0-8D11-00A0C91BC942}") = "3.6_auto", "3.6_auto\3.6_auto.vcxproj", "{3FEA8DBF-E570-40CD-94EC-B795AAFE6005}"
EndProject
Project("{8BC9CEB8-8B4A-11D0-8D11-00A0C91BC942}") = "3.61_typedef", "3.6.1_typedef\3.6.1_typedef.vcxproj", "{CBBDF870-21EF-4901-95BF-CA51974378AE}"
EndProject
Project("{8BC9CEB8-8B4A-11D0-8D11-00A0C91BC942}") = "3.8_constexpr", "3.7_constexpr\3.7_constexpr.vcxproj", "{7E2280B6-AD3C-468B-87B9-72CEB010496E}"
EndProject
Project("{8BC9CEB8-8B4A-11D0-8D11-00A0C91BC942}") = "3.9_enums", "3.9_enums\3.9_enums.vcxproj", "{CDB3428B-61B3-4470-B1FF-BE0FC733E283}"
EndProject
Project("{8BC9CEB8-8B4A-11D0-8D11-00A0C91BC942}") = "test", "ex_3.1\ex_3.1.vcxproj", "{63DD6B4F-7EFD-4F13-9E1C-003606A708FE}"
EndProject
Project("{8BC9CEB8-8B4A-11D0-8D11-00A0C91BC942}") = "4.4_dynamic_array", "4.4_dynamic_array\4.4_dynamic_array.vcxproj", "{5BA83552-27D8-48D4-B185-CAC19750C422}"
EndProject
Project("{8BC9CEB8-8B4A-11D0-8D11-00A0C91BC942}") = "4.7_basic_stdstring_methods", "4.7_basic_stdstring_methods\4.7_basic_stdstring_methods.vcxproj", "{24021810-BFC3-41DB-9793-2B205DA91C9F}"
EndProject
Project("{8BC9CEB8-8B4A-11D0-8D11-00A0C91BC942}") = "5.2_prefix_vs_postfix", "5.2_prefix_vs_postfix\5.2_prefix_vs_postfix.vcxproj", "{0128F42D-4E22-4740-A5C6-56642317E3FF}"
EndProject
Project("{8BC9CEB8-8B4A-11D0-8D11-00A0C91BC942}") = "5.7_bitwise_operators", "5.7_bitwise_operators\5.7_bitwise_operators.vcxproj", "{629CA95A-EC59-4B8E-9862-ABAB23833735}"
EndProject
Project("{8BC9CEB8-8B4A-11D0-8D11-00A0C91BC942}") = "5.8_shift_operators", "5.8_shift_operators\5.8_shift_operators.vcxproj", "{601B049D-6DEF-4BA7-8866-16042AA4C6B8}"
EndProject
Project("{8BC9CEB8-8B4A-11D0-8D11-00A0C91BC942}") = "6.6_ternary_operator", "6.6_ternary_operator\6.6_ternary_operator.vcxproj", "{E53A8DF5-C2C0-4D2F-882D-67C304A8EC45}"
EndProject
Project("{8BC9CEB8-8B4A-11D0-8D11-00A0C91BC942}") = "6.12_range_based_for_loops", "6.120_range_based_for_loops\6.120_range_based_for_loops.vcxproj", "{B9DA736A-5DEB-4E6D-81A5-B7A2AA346F10}"
EndProject
Project("{8BC9CEB8-8B4A-11D0-8D11-00A0C91BC942}") = "7.04_function_parameter_with_default_val", "7.4_function_parameter_with_default_val\7.4_function_parameter_with_default_val.vcxproj", "{E8BAD044-CEA5-4F3C-B562-8E8A6BEA7B3D}"
EndProject
Project("{8BC9CEB8-8B4A-11D0-8D11-00A0C91BC942}") = "7.07_function_overloading", "7.7_functions_overloading\7.7_functions_overloading.vcxproj", "{E5CDBC31-D25D-4855-A79F-6613AD98F8D3}"
EndProject
Project("{8BC9CEB8-8B4A-11D0-8D11-00A0C91BC942}") = "7.10_inline_function", "7.10_inline_function\7.10_inline_function.vcxproj", "{CC2CF557-D3C6-4B9D-86EE-9E2BE1B1141E}"
EndProject
Project("{8BC9CEB8-8B4A-11D0-8D11-00A0C91BC942}") = "7.11_auto_funtion_return_type", "7.11_auto_funtion_return_type\7.11_auto_funtion_return_type.vcxproj", "{4F4928BC-68E1-4AB9-ABF7-F0243E178ED8}"
EndProject
Project("{8BC9CEB8-8B4A-11D0-8D11-00A0C91BC942}") = "7_12_lambda_function", "7_12_lambda_function\7_12_lambda_function.vcxproj", "{4E0B237F-0526-4928-BC1C-A99F96183C78}"
EndProject
Project("{8BC9CEB8-8B4A-11D0-8D11-00A0C91BC942}") = "8.07_new_and_delete", "8.7_new_and_delete\8.7_new_and_delete.vcxproj", "{9EDDE0A2-9E19-4F2B-BE3B-C4E6D83A1123}"
EndProject
Project("{8BC9CEB8-8B4A-11D0-8D11-00A0C91BC942}") = "8.08_new[]_and_delete[]", "8.8_new[]_and_delete[]\8.8_new[]_and_delete[].vcxproj", "{7DB850ED-0A42-4526-89FD-326BF067C01F}"
EndProject
Project("{8BC9CEB8-8B4A-11D0-8D11-00A0C91BC942}") = "8.09_pointer_arithmetic", "8.9_pointer_arithmetic\8.9_pointer_arithmetic.vcxproj", "{897AF9AD-0302-4FF3-9273-C068641D046B}"
EndProject
Project("{8BC9CEB8-8B4A-11D0-8D11-00A0C91BC942}") = "8.10_passing_const_pointers", "8.10_passing_const_pointers\8.10_passing_const_pointers.vcxproj", "{A233B4E7-B754-42E9-A90D-7823BAC5BE1D}"
EndProject
Project("{8BC9CEB8-8B4A-11D0-8D11-00A0C91BC942}") = "8.11_new_nothrow", "8.11_new_nothrow\8.11_new_nothrow.vcxproj", "{7254C890-A015-4C08-84E8-67E9CEEDF33B}"
EndProject
Project("{8BC9CEB8-8B4A-11D0-8D11-00A0C91BC942}") = "8.12_passing_const_reference", "8.12_passing_const_reference\8.12_passing_const_reference.vcxproj", "{CBC4A768-9918-4F2B-8E12-812A41B9609A}"
EndProject
Project("{8BC9CEB8-8B4A-11D0-8D11-00A0C91BC942}") = "9.06_class_initialization_list", "9.6_class_initialization_list\9.6_class_initialization_list.vcxproj", "{EAD11D1B-964E-49DC-9F1A-1E95C2263FF1}"
EndProject
Project("{8BC9CEB8-8B4A-11D0-8D11-00A0C91BC942}") = "9.09_copy_constructor", "9.9_copy_constructor\9.9_copy_constructor.vcxproj", "{77C5178C-A27A-4724-A319-DB3F8C81D1EE}"
EndProject
Project("{8BC9CEB8-8B4A-11D0-8D11-00A0C91BC942}") = "9.10_singleton_class_for_single_instance", "9.10_singleton_class_for_single_instance\9.10_singleton_class_for_single_instance.vcxproj", "{D13B679F-60C6-4914-9789-A3470E10931A}"
EndProject
Project("{8BC9CEB8-8B4A-11D0-8D11-00A0C91BC942}") = "9.11_prohibiting_instantiation_on_stack", "9.11_\9.11_.vcxproj", "{88DA5780-E045-4BC2-A12C-2EDBAC765B45}"
EndProject
Project("{8BC9CEB8-8B4A-11D0-8D11-00A0C91BC942}") = "9.12_explicit_constructor", "9_12_explicit_constructor\9_12_explicit_constructor.vcxproj", "{A2D53821-82CB-4F56-AC69-F665B0D3014C}"
EndProject
Project("{8BC9CEB8-8B4A-11D0-8D11-00A0C91BC942}") = "9.12.1_this_pointer", "9_12_1_this_pointer\9_12_1_this_pointer.vcxproj", "{28306F2B-88B6-40BC-B711-FFD76084440F}"
EndProject
Project("{8BC9CEB8-8B4A-11D0-8D11-00A0C91BC942}") = "9.14_friend_external_function", "9_14_friend_class\9_14_friend_class.vcxproj", "{5EC15233-6264-4EE4-B40C-C7F8C934FC91}"
EndProject
Project("{8BC9CEB8-8B4A-11D0-8D11-00A0C91BC942}") = "9.16_union", "9_16_union\9_16_union.vcxproj", "{E60ECC27-1CF8-4642-B32F-2083BB04ED56}"
EndProject
Project("{8BC9CEB8-8B4A-11D0-8D11-00A0C91BC942}") = "9.15_friend_class", "9_15_friend\9_15_friend.vcxproj", "{093D8199-1123-4A82-A68D-4627784FA86B}"
EndProject
Project("{8BC9CEB8-8B4A-11D0-8D11-00A0C91BC942}") = "9.18_constexpr_with_class_and_objs", "9.18_constexpr_with_class_and_objs\9.18_constexpr_with_class_and_objs.vcxproj", "{5E559951-7D4E-40C8-825B-C7D7B7ED543F}"
EndProject
Global
	GlobalSection(SolutionConfigurationPlatforms) = preSolution
		Debug|x64 = Debug|x64
		Debug|x86 = Debug|x86
		Release|x64 = Release|x64
		Release|x86 = Release|x86
	EndGlobalSection
	GlobalSection(ProjectConfigurationPlatforms) = postSolution
		{8E9E7A96-CEB7-4067-938F-96FE4422D3D1}.Debug|x64.ActiveCfg = Debug|x64
		{8E9E7A96-CEB7-4067-938F-96FE4422D3D1}.Debug|x64.Build.0 = Debug|x64
		{8E9E7A96-CEB7-4067-938F-96FE4422D3D1}.Debug|x86.ActiveCfg = Debug|Win32
		{8E9E7A96-CEB7-4067-938F-96FE4422D3D1}.Debug|x86.Build.0 = Debug|Win32
		{8E9E7A96-CEB7-4067-938F-96FE4422D3D1}.Release|x64.ActiveCfg = Release|x64
		{8E9E7A96-CEB7-4067-938F-96FE4422D3D1}.Release|x64.Build.0 = Release|x64
		{8E9E7A96-CEB7-4067-938F-96FE4422D3D1}.Release|x86.ActiveCfg = Release|Win32
		{8E9E7A96-CEB7-4067-938F-96FE4422D3D1}.Release|x86.Build.0 = Release|Win32
		{3FEA8DBF-E570-40CD-94EC-B795AAFE6005}.Debug|x64.ActiveCfg = Debug|x64
		{3FEA8DBF-E570-40CD-94EC-B795AAFE6005}.Debug|x64.Build.0 = Debug|x64
		{3FEA8DBF-E570-40CD-94EC-B795AAFE6005}.Debug|x86.ActiveCfg = Debug|Win32
		{3FEA8DBF-E570-40CD-94EC-B795AAFE6005}.Debug|x86.Build.0 = Debug|Win32
		{3FEA8DBF-E570-40CD-94EC-B795AAFE6005}.Release|x64.ActiveCfg = Release|x64
		{3FEA8DBF-E570-40CD-94EC-B795AAFE6005}.Release|x64.Build.0 = Release|x64
		{3FEA8DBF-E570-40CD-94EC-B795AAFE6005}.Release|x86.ActiveCfg = Release|Win32
		{3FEA8DBF-E570-40CD-94EC-B795AAFE6005}.Release|x86.Build.0 = Release|Win32
		{CBBDF870-21EF-4901-95BF-CA51974378AE}.Debug|x64.ActiveCfg = Debug|x64
		{CBBDF870-21EF-4901-95BF-CA51974378AE}.Debug|x64.Build.0 = Debug|x64
		{CBBDF870-21EF-4901-95BF-CA51974378AE}.Debug|x86.ActiveCfg = Debug|Win32
		{CBBDF870-21EF-4901-95BF-CA51974378AE}.Debug|x86.Build.0 = Debug|Win32
		{CBBDF870-21EF-4901-95BF-CA51974378AE}.Release|x64.ActiveCfg = Release|x64
		{CBBDF870-21EF-4901-95BF-CA51974378AE}.Release|x64.Build.0 = Release|x64
		{CBBDF870-21EF-4901-95BF-CA51974378AE}.Release|x86.ActiveCfg = Release|Win32
		{CBBDF870-21EF-4901-95BF-CA51974378AE}.Release|x86.Build.0 = Release|Win32
		{7E2280B6-AD3C-468B-87B9-72CEB010496E}.Debug|x64.ActiveCfg = Debug|x64
		{7E2280B6-AD3C-468B-87B9-72CEB010496E}.Debug|x64.Build.0 = Debug|x64
		{7E2280B6-AD3C-468B-87B9-72CEB010496E}.Debug|x86.ActiveCfg = Debug|Win32
		{7E2280B6-AD3C-468B-87B9-72CEB010496E}.Debug|x86.Build.0 = Debug|Win32
		{7E2280B6-AD3C-468B-87B9-72CEB010496E}.Release|x64.ActiveCfg = Release|x64
		{7E2280B6-AD3C-468B-87B9-72CEB010496E}.Release|x64.Build.0 = Release|x64
		{7E2280B6-AD3C-468B-87B9-72CEB010496E}.Release|x86.ActiveCfg = Release|Win32
		{7E2280B6-AD3C-468B-87B9-72CEB010496E}.Release|x86.Build.0 = Release|Win32
		{CDB3428B-61B3-4470-B1FF-BE0FC733E283}.Debug|x64.ActiveCfg = Debug|x64
		{CDB3428B-61B3-4470-B1FF-BE0FC733E283}.Debug|x64.Build.0 = Debug|x64
		{CDB3428B-61B3-4470-B1FF-BE0FC733E283}.Debug|x86.ActiveCfg = Debug|Win32
		{CDB3428B-61B3-4470-B1FF-BE0FC733E283}.Debug|x86.Build.0 = Debug|Win32
		{CDB3428B-61B3-4470-B1FF-BE0FC733E283}.Release|x64.ActiveCfg = Release|x64
		{CDB3428B-61B3-4470-B1FF-BE0FC733E283}.Release|x64.Build.0 = Release|x64
		{CDB3428B-61B3-4470-B1FF-BE0FC733E283}.Release|x86.ActiveCfg = Release|Win32
		{CDB3428B-61B3-4470-B1FF-BE0FC733E283}.Release|x86.Build.0 = Release|Win32
		{63DD6B4F-7EFD-4F13-9E1C-003606A708FE}.Debug|x64.ActiveCfg = Debug|x64
		{63DD6B4F-7EFD-4F13-9E1C-003606A708FE}.Debug|x64.Build.0 = Debug|x64
		{63DD6B4F-7EFD-4F13-9E1C-003606A708FE}.Debug|x86.ActiveCfg = Debug|Win32
		{63DD6B4F-7EFD-4F13-9E1C-003606A708FE}.Debug|x86.Build.0 = Debug|Win32
		{63DD6B4F-7EFD-4F13-9E1C-003606A708FE}.Release|x64.ActiveCfg = Release|x64
		{63DD6B4F-7EFD-4F13-9E1C-003606A708FE}.Release|x64.Build.0 = Release|x64
		{63DD6B4F-7EFD-4F13-9E1C-003606A708FE}.Release|x86.ActiveCfg = Release|Win32
		{63DD6B4F-7EFD-4F13-9E1C-003606A708FE}.Release|x86.Build.0 = Release|Win32
		{5BA83552-27D8-48D4-B185-CAC19750C422}.Debug|x64.ActiveCfg = Debug|x64
		{5BA83552-27D8-48D4-B185-CAC19750C422}.Debug|x64.Build.0 = Debug|x64
		{5BA83552-27D8-48D4-B185-CAC19750C422}.Debug|x86.ActiveCfg = Debug|Win32
		{5BA83552-27D8-48D4-B185-CAC19750C422}.Debug|x86.Build.0 = Debug|Win32
		{5BA83552-27D8-48D4-B185-CAC19750C422}.Release|x64.ActiveCfg = Release|x64
		{5BA83552-27D8-48D4-B185-CAC19750C422}.Release|x64.Build.0 = Release|x64
		{5BA83552-27D8-48D4-B185-CAC19750C422}.Release|x86.ActiveCfg = Release|Win32
		{5BA83552-27D8-48D4-B185-CAC19750C422}.Release|x86.Build.0 = Release|Win32
		{24021810-BFC3-41DB-9793-2B205DA91C9F}.Debug|x64.ActiveCfg = Debug|x64
		{24021810-BFC3-41DB-9793-2B205DA91C9F}.Debug|x64.Build.0 = Debug|x64
		{24021810-BFC3-41DB-9793-2B205DA91C9F}.Debug|x86.ActiveCfg = Debug|Win32
		{24021810-BFC3-41DB-9793-2B205DA91C9F}.Debug|x86.Build.0 = Debug|Win32
		{24021810-BFC3-41DB-9793-2B205DA91C9F}.Release|x64.ActiveCfg = Release|x64
		{24021810-BFC3-41DB-9793-2B205DA91C9F}.Release|x64.Build.0 = Release|x64
		{24021810-BFC3-41DB-9793-2B205DA91C9F}.Release|x86.ActiveCfg = Release|Win32
		{24021810-BFC3-41DB-9793-2B205DA91C9F}.Release|x86.Build.0 = Release|Win32
		{0128F42D-4E22-4740-A5C6-56642317E3FF}.Debug|x64.ActiveCfg = Debug|x64
		{0128F42D-4E22-4740-A5C6-56642317E3FF}.Debug|x64.Build.0 = Debug|x64
		{0128F42D-4E22-4740-A5C6-56642317E3FF}.Debug|x86.ActiveCfg = Debug|Win32
		{0128F42D-4E22-4740-A5C6-56642317E3FF}.Debug|x86.Build.0 = Debug|Win32
		{0128F42D-4E22-4740-A5C6-56642317E3FF}.Release|x64.ActiveCfg = Release|x64
		{0128F42D-4E22-4740-A5C6-56642317E3FF}.Release|x64.Build.0 = Release|x64
		{0128F42D-4E22-4740-A5C6-56642317E3FF}.Release|x86.ActiveCfg = Release|Win32
		{0128F42D-4E22-4740-A5C6-56642317E3FF}.Release|x86.Build.0 = Release|Win32
		{629CA95A-EC59-4B8E-9862-ABAB23833735}.Debug|x64.ActiveCfg = Debug|x64
		{629CA95A-EC59-4B8E-9862-ABAB23833735}.Debug|x64.Build.0 = Debug|x64
		{629CA95A-EC59-4B8E-9862-ABAB23833735}.Debug|x86.ActiveCfg = Debug|Win32
		{629CA95A-EC59-4B8E-9862-ABAB23833735}.Debug|x86.Build.0 = Debug|Win32
		{629CA95A-EC59-4B8E-9862-ABAB23833735}.Release|x64.ActiveCfg = Release|x64
		{629CA95A-EC59-4B8E-9862-ABAB23833735}.Release|x64.Build.0 = Release|x64
		{629CA95A-EC59-4B8E-9862-ABAB23833735}.Release|x86.ActiveCfg = Release|Win32
		{629CA95A-EC59-4B8E-9862-ABAB23833735}.Release|x86.Build.0 = Release|Win32
		{601B049D-6DEF-4BA7-8866-16042AA4C6B8}.Debug|x64.ActiveCfg = Debug|x64
		{601B049D-6DEF-4BA7-8866-16042AA4C6B8}.Debug|x64.Build.0 = Debug|x64
		{601B049D-6DEF-4BA7-8866-16042AA4C6B8}.Debug|x86.ActiveCfg = Debug|Win32
		{601B049D-6DEF-4BA7-8866-16042AA4C6B8}.Debug|x86.Build.0 = Debug|Win32
		{601B049D-6DEF-4BA7-8866-16042AA4C6B8}.Release|x64.ActiveCfg = Release|x64
		{601B049D-6DEF-4BA7-8866-16042AA4C6B8}.Release|x64.Build.0 = Release|x64
		{601B049D-6DEF-4BA7-8866-16042AA4C6B8}.Release|x86.ActiveCfg = Release|Win32
		{601B049D-6DEF-4BA7-8866-16042AA4C6B8}.Release|x86.Build.0 = Release|Win32
		{E53A8DF5-C2C0-4D2F-882D-67C304A8EC45}.Debug|x64.ActiveCfg = Debug|x64
		{E53A8DF5-C2C0-4D2F-882D-67C304A8EC45}.Debug|x64.Build.0 = Debug|x64
		{E53A8DF5-C2C0-4D2F-882D-67C304A8EC45}.Debug|x86.ActiveCfg = Debug|Win32
		{E53A8DF5-C2C0-4D2F-882D-67C304A8EC45}.Debug|x86.Build.0 = Debug|Win32
		{E53A8DF5-C2C0-4D2F-882D-67C304A8EC45}.Release|x64.ActiveCfg = Release|x64
		{E53A8DF5-C2C0-4D2F-882D-67C304A8EC45}.Release|x64.Build.0 = Release|x64
		{E53A8DF5-C2C0-4D2F-882D-67C304A8EC45}.Release|x86.ActiveCfg = Release|Win32
		{E53A8DF5-C2C0-4D2F-882D-67C304A8EC45}.Release|x86.Build.0 = Release|Win32
		{B9DA736A-5DEB-4E6D-81A5-B7A2AA346F10}.Debug|x64.ActiveCfg = Debug|x64
		{B9DA736A-5DEB-4E6D-81A5-B7A2AA346F10}.Debug|x64.Build.0 = Debug|x64
		{B9DA736A-5DEB-4E6D-81A5-B7A2AA346F10}.Debug|x86.ActiveCfg = Debug|Win32
		{B9DA736A-5DEB-4E6D-81A5-B7A2AA346F10}.Debug|x86.Build.0 = Debug|Win32
		{B9DA736A-5DEB-4E6D-81A5-B7A2AA346F10}.Release|x64.ActiveCfg = Release|x64
		{B9DA736A-5DEB-4E6D-81A5-B7A2AA346F10}.Release|x64.Build.0 = Release|x64
		{B9DA736A-5DEB-4E6D-81A5-B7A2AA346F10}.Release|x86.ActiveCfg = Release|Win32
		{B9DA736A-5DEB-4E6D-81A5-B7A2AA346F10}.Release|x86.Build.0 = Release|Win32
		{E8BAD044-CEA5-4F3C-B562-8E8A6BEA7B3D}.Debug|x64.ActiveCfg = Debug|x64
		{E8BAD044-CEA5-4F3C-B562-8E8A6BEA7B3D}.Debug|x64.Build.0 = Debug|x64
		{E8BAD044-CEA5-4F3C-B562-8E8A6BEA7B3D}.Debug|x86.ActiveCfg = Debug|Win32
		{E8BAD044-CEA5-4F3C-B562-8E8A6BEA7B3D}.Debug|x86.Build.0 = Debug|Win32
		{E8BAD044-CEA5-4F3C-B562-8E8A6BEA7B3D}.Release|x64.ActiveCfg = Release|x64
		{E8BAD044-CEA5-4F3C-B562-8E8A6BEA7B3D}.Release|x64.Build.0 = Release|x64
		{E8BAD044-CEA5-4F3C-B562-8E8A6BEA7B3D}.Release|x86.ActiveCfg = Release|Win32
		{E8BAD044-CEA5-4F3C-B562-8E8A6BEA7B3D}.Release|x86.Build.0 = Release|Win32
		{E5CDBC31-D25D-4855-A79F-6613AD98F8D3}.Debug|x64.ActiveCfg = Debug|x64
		{E5CDBC31-D25D-4855-A79F-6613AD98F8D3}.Debug|x64.Build.0 = Debug|x64
		{E5CDBC31-D25D-4855-A79F-6613AD98F8D3}.Debug|x86.ActiveCfg = Debug|Win32
		{E5CDBC31-D25D-4855-A79F-6613AD98F8D3}.Debug|x86.Build.0 = Debug|Win32
		{E5CDBC31-D25D-4855-A79F-6613AD98F8D3}.Release|x64.ActiveCfg = Release|x64
		{E5CDBC31-D25D-4855-A79F-6613AD98F8D3}.Release|x64.Build.0 = Release|x64
		{E5CDBC31-D25D-4855-A79F-6613AD98F8D3}.Release|x86.ActiveCfg = Release|Win32
		{E5CDBC31-D25D-4855-A79F-6613AD98F8D3}.Release|x86.Build.0 = Release|Win32
		{CC2CF557-D3C6-4B9D-86EE-9E2BE1B1141E}.Debug|x64.ActiveCfg = Debug|x64
		{CC2CF557-D3C6-4B9D-86EE-9E2BE1B1141E}.Debug|x64.Build.0 = Debug|x64
		{CC2CF557-D3C6-4B9D-86EE-9E2BE1B1141E}.Debug|x86.ActiveCfg = Debug|Win32
		{CC2CF557-D3C6-4B9D-86EE-9E2BE1B1141E}.Debug|x86.Build.0 = Debug|Win32
		{CC2CF557-D3C6-4B9D-86EE-9E2BE1B1141E}.Release|x64.ActiveCfg = Release|x64
		{CC2CF557-D3C6-4B9D-86EE-9E2BE1B1141E}.Release|x64.Build.0 = Release|x64
		{CC2CF557-D3C6-4B9D-86EE-9E2BE1B1141E}.Release|x86.ActiveCfg = Release|Win32
		{CC2CF557-D3C6-4B9D-86EE-9E2BE1B1141E}.Release|x86.Build.0 = Release|Win32
		{4F4928BC-68E1-4AB9-ABF7-F0243E178ED8}.Debug|x64.ActiveCfg = Debug|x64
		{4F4928BC-68E1-4AB9-ABF7-F0243E178ED8}.Debug|x64.Build.0 = Debug|x64
		{4F4928BC-68E1-4AB9-ABF7-F0243E178ED8}.Debug|x86.ActiveCfg = Debug|Win32
		{4F4928BC-68E1-4AB9-ABF7-F0243E178ED8}.Debug|x86.Build.0 = Debug|Win32
		{4F4928BC-68E1-4AB9-ABF7-F0243E178ED8}.Release|x64.ActiveCfg = Release|x64
		{4F4928BC-68E1-4AB9-ABF7-F0243E178ED8}.Release|x64.Build.0 = Release|x64
		{4F4928BC-68E1-4AB9-ABF7-F0243E178ED8}.Release|x86.ActiveCfg = Release|Win32
		{4F4928BC-68E1-4AB9-ABF7-F0243E178ED8}.Release|x86.Build.0 = Release|Win32
		{4E0B237F-0526-4928-BC1C-A99F96183C78}.Debug|x64.ActiveCfg = Debug|x64
		{4E0B237F-0526-4928-BC1C-A99F96183C78}.Debug|x64.Build.0 = Debug|x64
		{4E0B237F-0526-4928-BC1C-A99F96183C78}.Debug|x86.ActiveCfg = Debug|Win32
		{4E0B237F-0526-4928-BC1C-A99F96183C78}.Debug|x86.Build.0 = Debug|Win32
		{4E0B237F-0526-4928-BC1C-A99F96183C78}.Release|x64.ActiveCfg = Release|x64
		{4E0B237F-0526-4928-BC1C-A99F96183C78}.Release|x64.Build.0 = Release|x64
		{4E0B237F-0526-4928-BC1C-A99F96183C78}.Release|x86.ActiveCfg = Release|Win32
		{4E0B237F-0526-4928-BC1C-A99F96183C78}.Release|x86.Build.0 = Release|Win32
		{9EDDE0A2-9E19-4F2B-BE3B-C4E6D83A1123}.Debug|x64.ActiveCfg = Debug|x64
		{9EDDE0A2-9E19-4F2B-BE3B-C4E6D83A1123}.Debug|x64.Build.0 = Debug|x64
		{9EDDE0A2-9E19-4F2B-BE3B-C4E6D83A1123}.Debug|x86.ActiveCfg = Debug|Win32
		{9EDDE0A2-9E19-4F2B-BE3B-C4E6D83A1123}.Debug|x86.Build.0 = Debug|Win32
		{9EDDE0A2-9E19-4F2B-BE3B-C4E6D83A1123}.Release|x64.ActiveCfg = Release|x64
		{9EDDE0A2-9E19-4F2B-BE3B-C4E6D83A1123}.Release|x64.Build.0 = Release|x64
		{9EDDE0A2-9E19-4F2B-BE3B-C4E6D83A1123}.Release|x86.ActiveCfg = Release|Win32
		{9EDDE0A2-9E19-4F2B-BE3B-C4E6D83A1123}.Release|x86.Build.0 = Release|Win32
		{7DB850ED-0A42-4526-89FD-326BF067C01F}.Debug|x64.ActiveCfg = Debug|x64
		{7DB850ED-0A42-4526-89FD-326BF067C01F}.Debug|x64.Build.0 = Debug|x64
		{7DB850ED-0A42-4526-89FD-326BF067C01F}.Debug|x86.ActiveCfg = Debug|Win32
		{7DB850ED-0A42-4526-89FD-326BF067C01F}.Debug|x86.Build.0 = Debug|Win32
		{7DB850ED-0A42-4526-89FD-326BF067C01F}.Release|x64.ActiveCfg = Release|x64
		{7DB850ED-0A42-4526-89FD-326BF067C01F}.Release|x64.Build.0 = Release|x64
		{7DB850ED-0A42-4526-89FD-326BF067C01F}.Release|x86.ActiveCfg = Release|Win32
		{7DB850ED-0A42-4526-89FD-326BF067C01F}.Release|x86.Build.0 = Release|Win32
		{897AF9AD-0302-4FF3-9273-C068641D046B}.Debug|x64.ActiveCfg = Debug|x64
		{897AF9AD-0302-4FF3-9273-C068641D046B}.Debug|x64.Build.0 = Debug|x64
		{897AF9AD-0302-4FF3-9273-C068641D046B}.Debug|x86.ActiveCfg = Debug|Win32
		{897AF9AD-0302-4FF3-9273-C068641D046B}.Debug|x86.Build.0 = Debug|Win32
		{897AF9AD-0302-4FF3-9273-C068641D046B}.Release|x64.ActiveCfg = Release|x64
		{897AF9AD-0302-4FF3-9273-C068641D046B}.Release|x64.Build.0 = Release|x64
		{897AF9AD-0302-4FF3-9273-C068641D046B}.Release|x86.ActiveCfg = Release|Win32
		{897AF9AD-0302-4FF3-9273-C068641D046B}.Release|x86.Build.0 = Release|Win32
		{A233B4E7-B754-42E9-A90D-7823BAC5BE1D}.Debug|x64.ActiveCfg = Debug|x64
		{A233B4E7-B754-42E9-A90D-7823BAC5BE1D}.Debug|x64.Build.0 = Debug|x64
		{A233B4E7-B754-42E9-A90D-7823BAC5BE1D}.Debug|x86.ActiveCfg = Debug|Win32
		{A233B4E7-B754-42E9-A90D-7823BAC5BE1D}.Debug|x86.Build.0 = Debug|Win32
		{A233B4E7-B754-42E9-A90D-7823BAC5BE1D}.Release|x64.ActiveCfg = Release|x64
		{A233B4E7-B754-42E9-A90D-7823BAC5BE1D}.Release|x64.Build.0 = Release|x64
		{A233B4E7-B754-42E9-A90D-7823BAC5BE1D}.Release|x86.ActiveCfg = Release|Win32
		{A233B4E7-B754-42E9-A90D-7823BAC5BE1D}.Release|x86.Build.0 = Release|Win32
		{7254C890-A015-4C08-84E8-67E9CEEDF33B}.Debug|x64.ActiveCfg = Debug|x64
		{7254C890-A015-4C08-84E8-67E9CEEDF33B}.Debug|x64.Build.0 = Debug|x64
		{7254C890-A015-4C08-84E8-67E9CEEDF33B}.Debug|x86.ActiveCfg = Debug|Win32
		{7254C890-A015-4C08-84E8-67E9CEEDF33B}.Debug|x86.Build.0 = Debug|Win32
		{7254C890-A015-4C08-84E8-67E9CEEDF33B}.Release|x64.ActiveCfg = Release|x64
		{7254C890-A015-4C08-84E8-67E9CEEDF33B}.Release|x64.Build.0 = Release|x64
		{7254C890-A015-4C08-84E8-67E9CEEDF33B}.Release|x86.ActiveCfg = Release|Win32
		{7254C890-A015-4C08-84E8-67E9CEEDF33B}.Release|x86.Build.0 = Release|Win32
		{CBC4A768-9918-4F2B-8E12-812A41B9609A}.Debug|x64.ActiveCfg = Debug|x64
		{CBC4A768-9918-4F2B-8E12-812A41B9609A}.Debug|x64.Build.0 = Debug|x64
		{CBC4A768-9918-4F2B-8E12-812A41B9609A}.Debug|x86.ActiveCfg = Debug|Win32
		{CBC4A768-9918-4F2B-8E12-812A41B9609A}.Debug|x86.Build.0 = Debug|Win32
		{CBC4A768-9918-4F2B-8E12-812A41B9609A}.Release|x64.ActiveCfg = Release|x64
		{CBC4A768-9918-4F2B-8E12-812A41B9609A}.Release|x64.Build.0 = Release|x64
		{CBC4A768-9918-4F2B-8E12-812A41B9609A}.Release|x86.ActiveCfg = Release|Win32
		{CBC4A768-9918-4F2B-8E12-812A41B9609A}.Release|x86.Build.0 = Release|Win32
		{EAD11D1B-964E-49DC-9F1A-1E95C2263FF1}.Debug|x64.ActiveCfg = Debug|x64
		{EAD11D1B-964E-49DC-9F1A-1E95C2263FF1}.Debug|x64.Build.0 = Debug|x64
		{EAD11D1B-964E-49DC-9F1A-1E95C2263FF1}.Debug|x86.ActiveCfg = Debug|Win32
		{EAD11D1B-964E-49DC-9F1A-1E95C2263FF1}.Debug|x86.Build.0 = Debug|Win32
		{EAD11D1B-964E-49DC-9F1A-1E95C2263FF1}.Release|x64.ActiveCfg = Release|x64
		{EAD11D1B-964E-49DC-9F1A-1E95C2263FF1}.Release|x64.Build.0 = Release|x64
		{EAD11D1B-964E-49DC-9F1A-1E95C2263FF1}.Release|x86.ActiveCfg = Release|Win32
		{EAD11D1B-964E-49DC-9F1A-1E95C2263FF1}.Release|x86.Build.0 = Release|Win32
		{77C5178C-A27A-4724-A319-DB3F8C81D1EE}.Debug|x64.ActiveCfg = Debug|x64
		{77C5178C-A27A-4724-A319-DB3F8C81D1EE}.Debug|x64.Build.0 = Debug|x64
		{77C5178C-A27A-4724-A319-DB3F8C81D1EE}.Debug|x86.ActiveCfg = Debug|Win32
		{77C5178C-A27A-4724-A319-DB3F8C81D1EE}.Debug|x86.Build.0 = Debug|Win32
		{77C5178C-A27A-4724-A319-DB3F8C81D1EE}.Release|x64.ActiveCfg = Release|x64
		{77C5178C-A27A-4724-A319-DB3F8C81D1EE}.Release|x64.Build.0 = Release|x64
		{77C5178C-A27A-4724-A319-DB3F8C81D1EE}.Release|x86.ActiveCfg = Release|Win32
		{77C5178C-A27A-4724-A319-DB3F8C81D1EE}.Release|x86.Build.0 = Release|Win32
		{D13B679F-60C6-4914-9789-A3470E10931A}.Debug|x64.ActiveCfg = Debug|x64
		{D13B679F-60C6-4914-9789-A3470E10931A}.Debug|x64.Build.0 = Debug|x64
		{D13B679F-60C6-4914-9789-A3470E10931A}.Debug|x86.ActiveCfg = Debug|Win32
		{D13B679F-60C6-4914-9789-A3470E10931A}.Debug|x86.Build.0 = Debug|Win32
		{D13B679F-60C6-4914-9789-A3470E10931A}.Release|x64.ActiveCfg = Release|x64
		{D13B679F-60C6-4914-9789-A3470E10931A}.Release|x64.Build.0 = Release|x64
		{D13B679F-60C6-4914-9789-A3470E10931A}.Release|x86.ActiveCfg = Release|Win32
		{D13B679F-60C6-4914-9789-A3470E10931A}.Release|x86.Build.0 = Release|Win32
		{88DA5780-E045-4BC2-A12C-2EDBAC765B45}.Debug|x64.ActiveCfg = Debug|x64
		{88DA5780-E045-4BC2-A12C-2EDBAC765B45}.Debug|x64.Build.0 = Debug|x64
		{88DA5780-E045-4BC2-A12C-2EDBAC765B45}.Debug|x86.ActiveCfg = Debug|Win32
		{88DA5780-E045-4BC2-A12C-2EDBAC765B45}.Debug|x86.Build.0 = Debug|Win32
		{88DA5780-E045-4BC2-A12C-2EDBAC765B45}.Release|x64.ActiveCfg = Release|x64
		{88DA5780-E045-4BC2-A12C-2EDBAC765B45}.Release|x64.Build.0 = Release|x64
		{88DA5780-E045-4BC2-A12C-2EDBAC765B45}.Release|x86.ActiveCfg = Release|Win32
		{88DA5780-E045-4BC2-A12C-2EDBAC765B45}.Release|x86.Build.0 = Release|Win32
		{A2D53821-82CB-4F56-AC69-F665B0D3014C}.Debug|x64.ActiveCfg = Debug|x64
		{A2D53821-82CB-4F56-AC69-F665B0D3014C}.Debug|x64.Build.0 = Debug|x64
		{A2D53821-82CB-4F56-AC69-F665B0D3014C}.Debug|x86.ActiveCfg = Debug|Win32
		{A2D53821-82CB-4F56-AC69-F665B0D3014C}.Debug|x86.Build.0 = Debug|Win32
		{A2D53821-82CB-4F56-AC69-F665B0D3014C}.Release|x64.ActiveCfg = Release|x64
		{A2D53821-82CB-4F56-AC69-F665B0D3014C}.Release|x64.Build.0 = Release|x64
		{A2D53821-82CB-4F56-AC69-F665B0D3014C}.Release|x86.ActiveCfg = Release|Win32
		{A2D53821-82CB-4F56-AC69-F665B0D3014C}.Release|x86.Build.0 = Release|Win32
		{28306F2B-88B6-40BC-B711-FFD76084440F}.Debug|x64.ActiveCfg = Debug|x64
		{28306F2B-88B6-40BC-B711-FFD76084440F}.Debug|x64.Build.0 = Debug|x64
		{28306F2B-88B6-40BC-B711-FFD76084440F}.Debug|x86.ActiveCfg = Debug|Win32
		{28306F2B-88B6-40BC-B711-FFD76084440F}.Debug|x86.Build.0 = Debug|Win32
		{28306F2B-88B6-40BC-B711-FFD76084440F}.Release|x64.ActiveCfg = Release|x64
		{28306F2B-88B6-40BC-B711-FFD76084440F}.Release|x64.Build.0 = Release|x64
		{28306F2B-88B6-40BC-B711-FFD76084440F}.Release|x86.ActiveCfg = Release|Win32
		{28306F2B-88B6-40BC-B711-FFD76084440F}.Release|x86.Build.0 = Release|Win32
		{5EC15233-6264-4EE4-B40C-C7F8C934FC91}.Debug|x64.ActiveCfg = Debug|x64
		{5EC15233-6264-4EE4-B40C-C7F8C934FC91}.Debug|x64.Build.0 = Debug|x64
		{5EC15233-6264-4EE4-B40C-C7F8C934FC91}.Debug|x86.ActiveCfg = Debug|Win32
		{5EC15233-6264-4EE4-B40C-C7F8C934FC91}.Debug|x86.Build.0 = Debug|Win32
		{5EC15233-6264-4EE4-B40C-C7F8C934FC91}.Release|x64.ActiveCfg = Release|x64
		{5EC15233-6264-4EE4-B40C-C7F8C934FC91}.Release|x64.Build.0 = Release|x64
		{5EC15233-6264-4EE4-B40C-C7F8C934FC91}.Release|x86.ActiveCfg = Release|Win32
		{5EC15233-6264-4EE4-B40C-C7F8C934FC91}.Release|x86.Build.0 = Release|Win32
		{E60ECC27-1CF8-4642-B32F-2083BB04ED56}.Debug|x64.ActiveCfg = Debug|x64
		{E60ECC27-1CF8-4642-B32F-2083BB04ED56}.Debug|x64.Build.0 = Debug|x64
		{E60ECC27-1CF8-4642-B32F-2083BB04ED56}.Debug|x86.ActiveCfg = Debug|Win32
		{E60ECC27-1CF8-4642-B32F-2083BB04ED56}.Debug|x86.Build.0 = Debug|Win32
		{E60ECC27-1CF8-4642-B32F-2083BB04ED56}.Release|x64.ActiveCfg = Release|x64
		{E60ECC27-1CF8-4642-B32F-2083BB04ED56}.Release|x64.Build.0 = Release|x64
		{E60ECC27-1CF8-4642-B32F-2083BB04ED56}.Release|x86.ActiveCfg = Release|Win32
		{E60ECC27-1CF8-4642-B32F-2083BB04ED56}.Release|x86.Build.0 = Release|Win32
		{093D8199-1123-4A82-A68D-4627784FA86B}.Debug|x64.ActiveCfg = Debug|x64
		{093D8199-1123-4A82-A68D-4627784FA86B}.Debug|x64.Build.0 = Debug|x64
		{093D8199-1123-4A82-A68D-4627784FA86B}.Debug|x86.ActiveCfg = Debug|Win32
		{093D8199-1123-4A82-A68D-4627784FA86B}.Debug|x86.Build.0 = Debug|Win32
		{093D8199-1123-4A82-A68D-4627784FA86B}.Release|x64.ActiveCfg = Release|x64
		{093D8199-1123-4A82-A68D-4627784FA86B}.Release|x64.Build.0 = Release|x64
		{093D8199-1123-4A82-A68D-4627784FA86B}.Release|x86.ActiveCfg = Release|Win32
		{093D8199-1123-4A82-A68D-4627784FA86B}.Release|x86.Build.0 = Release|Win32
		{5E559951-7D4E-40C8-825B-C7D7B7ED543F}.Debug|x64.ActiveCfg = Debug|x64
		{5E559951-7D4E-40C8-825B-C7D7B7ED543F}.Debug|x64.Build.0 = Debug|x64
		{5E559951-7D4E-40C8-825B-C7D7B7ED543F}.Debug|x86.ActiveCfg = Debug|Win32
		{5E559951-7D4E-40C8-825B-C7D7B7ED543F}.Debug|x86.Build.0 = Debug|Win32
		{5E559951-7D4E-40C8-825B-C7D7B7ED543F}.Release|x64.ActiveCfg = Release|x64
		{5E559951-7D4E-40C8-825B-C7D7B7ED543F}.Release|x64.Build.0 = Release|x64
		{5E559951-7D4E-40C8-825B-C7D7B7ED543F}.Release|x86.ActiveCfg = Release|Win32
		{5E559951-7D4E-40C8-825B-C7D7B7ED543F}.Release|x86.Build.0 = Release|Win32
	EndGlobalSection
	GlobalSection(SolutionProperties) = preSolution
		HideSolutionNode = FALSE
	EndGlobalSection
EndGlobal
