
Microsoft Visual Studio Solution File, Format Version 12.00
# Visual Studio 15
VisualStudioVersion = 15.0.26228.4
MinimumVisualStudioVersion = 10.0.40219.1
Project("{8BC9CEB8-8B4A-11D0-8D11-00A0C91BC942}") = "3.51_list_initialization", "3.5.1_list_initialization\3.5.1_list_initialization.vcxproj", "{8E9E7A96-CEB7-4067-938F-96FE4422D3D1}"
EndProject
Project("{8BC9CEB8-8B4A-11D0-8D11-00A0C91BC942}") = "3.6_auto", "3.6_auto\3.6_auto.vcxproj", "{3FEA8DBF-E570-40CD-94EC-B795AAFE6005}"
EndProject
Project("{8BC9CEB8-8B4A-11D0-8D11-00A0C91BC942}") = "3.61_typedef", "3.6.1_typedef\3.6.1_typedef.vcxproj", "{CBBDF870-21EF-4901-95BF-CA51974378AE}"
EndProject
Project("{8BC9CEB8-8B4A-11D0-8D11-00A0C91BC942}") = "3.8_constexpr", "3.7_constexpr\3.7_constexpr.vcxproj", "{7E2280B6-AD3C-468B-87B9-72CEB010496E}"
EndProject
Project("{8BC9CEB8-8B4A-11D0-8D11-00A0C91BC942}") = "3.9_enums", "3.9_enums\3.9_enums.vcxproj", "{CDB3428B-61B3-4470-B1FF-BE0FC733E283}"
EndProject
Project("{8BC9CEB8-8B4A-11D0-8D11-00A0C91BC942}") = "ex_3.1", "ex_3.1\ex_3.1.vcxproj", "{63DD6B4F-7EFD-4F13-9E1C-003606A708FE}"
EndProject
Project("{8BC9CEB8-8B4A-11D0-8D11-00A0C91BC942}") = "ex_3.2", "ex_3.2\ex_3.2.vcxproj", "{6B0F14F9-E464-4962-A614-A8C566E49E0B}"
EndProject
Project("{8BC9CEB8-8B4A-11D0-8D11-00A0C91BC942}") = "4.4_dynamic_array", "4.4_dynamic_array\4.4_dynamic_array.vcxproj", "{5BA83552-27D8-48D4-B185-CAC19750C422}"
EndProject
Project("{8BC9CEB8-8B4A-11D0-8D11-00A0C91BC942}") = "4.7_basic_stdstring_methods", "4.7_basic_stdstring_methods\4.7_basic_stdstring_methods.vcxproj", "{24021810-BFC3-41DB-9793-2B205DA91C9F}"
EndProject
Project("{8BC9CEB8-8B4A-11D0-8D11-00A0C91BC942}") = "5.2_prefix_vs_postfix", "5.2_prefix_vs_postfix\5.2_prefix_vs_postfix.vcxproj", "{0128F42D-4E22-4740-A5C6-56642317E3FF}"
EndProject
Project("{8BC9CEB8-8B4A-11D0-8D11-00A0C91BC942}") = "5.7_bitwise_operators", "5.7_bitwise_operators\5.7_bitwise_operators.vcxproj", "{629CA95A-EC59-4B8E-9862-ABAB23833735}"
EndProject
Project("{8BC9CEB8-8B4A-11D0-8D11-00A0C91BC942}") = "5.8_shift_operators", "5.8_shift_operators\5.8_shift_operators.vcxproj", "{601B049D-6DEF-4BA7-8866-16042AA4C6B8}"
EndProject
Global
	GlobalSection(SolutionConfigurationPlatforms) = preSolution
		Debug|x64 = Debug|x64
		Debug|x86 = Debug|x86
		Release|x64 = Release|x64
		Release|x86 = Release|x86
	EndGlobalSection
	GlobalSection(ProjectConfigurationPlatforms) = postSolution
		{8E9E7A96-CEB7-4067-938F-96FE4422D3D1}.Debug|x64.ActiveCfg = Debug|x64
		{8E9E7A96-CEB7-4067-938F-96FE4422D3D1}.Debug|x64.Build.0 = Debug|x64
		{8E9E7A96-CEB7-4067-938F-96FE4422D3D1}.Debug|x86.ActiveCfg = Debug|Win32
		{8E9E7A96-CEB7-4067-938F-96FE4422D3D1}.Debug|x86.Build.0 = Debug|Win32
		{8E9E7A96-CEB7-4067-938F-96FE4422D3D1}.Release|x64.ActiveCfg = Release|x64
		{8E9E7A96-CEB7-4067-938F-96FE4422D3D1}.Release|x64.Build.0 = Release|x64
		{8E9E7A96-CEB7-4067-938F-96FE4422D3D1}.Release|x86.ActiveCfg = Release|Win32
		{8E9E7A96-CEB7-4067-938F-96FE4422D3D1}.Release|x86.Build.0 = Release|Win32
		{3FEA8DBF-E570-40CD-94EC-B795AAFE6005}.Debug|x64.ActiveCfg = Debug|x64
		{3FEA8DBF-E570-40CD-94EC-B795AAFE6005}.Debug|x64.Build.0 = Debug|x64
		{3FEA8DBF-E570-40CD-94EC-B795AAFE6005}.Debug|x86.ActiveCfg = Debug|Win32
		{3FEA8DBF-E570-40CD-94EC-B795AAFE6005}.Debug|x86.Build.0 = Debug|Win32
		{3FEA8DBF-E570-40CD-94EC-B795AAFE6005}.Release|x64.ActiveCfg = Release|x64
		{3FEA8DBF-E570-40CD-94EC-B795AAFE6005}.Release|x64.Build.0 = Release|x64
		{3FEA8DBF-E570-40CD-94EC-B795AAFE6005}.Release|x86.ActiveCfg = Release|Win32
		{3FEA8DBF-E570-40CD-94EC-B795AAFE6005}.Release|x86.Build.0 = Release|Win32
		{CBBDF870-21EF-4901-95BF-CA51974378AE}.Debug|x64.ActiveCfg = Debug|x64
		{CBBDF870-21EF-4901-95BF-CA51974378AE}.Debug|x64.Build.0 = Debug|x64
		{CBBDF870-21EF-4901-95BF-CA51974378AE}.Debug|x86.ActiveCfg = Debug|Win32
		{CBBDF870-21EF-4901-95BF-CA51974378AE}.Debug|x86.Build.0 = Debug|Win32
		{CBBDF870-21EF-4901-95BF-CA51974378AE}.Release|x64.ActiveCfg = Release|x64
		{CBBDF870-21EF-4901-95BF-CA51974378AE}.Release|x64.Build.0 = Release|x64
		{CBBDF870-21EF-4901-95BF-CA51974378AE}.Release|x86.ActiveCfg = Release|Win32
		{CBBDF870-21EF-4901-95BF-CA51974378AE}.Release|x86.Build.0 = Release|Win32
		{7E2280B6-AD3C-468B-87B9-72CEB010496E}.Debug|x64.ActiveCfg = Debug|x64
		{7E2280B6-AD3C-468B-87B9-72CEB010496E}.Debug|x64.Build.0 = Debug|x64
		{7E2280B6-AD3C-468B-87B9-72CEB010496E}.Debug|x86.ActiveCfg = Debug|Win32
		{7E2280B6-AD3C-468B-87B9-72CEB010496E}.Debug|x86.Build.0 = Debug|Win32
		{7E2280B6-AD3C-468B-87B9-72CEB010496E}.Release|x64.ActiveCfg = Release|x64
		{7E2280B6-AD3C-468B-87B9-72CEB010496E}.Release|x64.Build.0 = Release|x64
		{7E2280B6-AD3C-468B-87B9-72CEB010496E}.Release|x86.ActiveCfg = Release|Win32
		{7E2280B6-AD3C-468B-87B9-72CEB010496E}.Release|x86.Build.0 = Release|Win32
		{CDB3428B-61B3-4470-B1FF-BE0FC733E283}.Debug|x64.ActiveCfg = Debug|x64
		{CDB3428B-61B3-4470-B1FF-BE0FC733E283}.Debug|x64.Build.0 = Debug|x64
		{CDB3428B-61B3-4470-B1FF-BE0FC733E283}.Debug|x86.ActiveCfg = Debug|Win32
		{CDB3428B-61B3-4470-B1FF-BE0FC733E283}.Debug|x86.Build.0 = Debug|Win32
		{CDB3428B-61B3-4470-B1FF-BE0FC733E283}.Release|x64.ActiveCfg = Release|x64
		{CDB3428B-61B3-4470-B1FF-BE0FC733E283}.Release|x64.Build.0 = Release|x64
		{CDB3428B-61B3-4470-B1FF-BE0FC733E283}.Release|x86.ActiveCfg = Release|Win32
		{CDB3428B-61B3-4470-B1FF-BE0FC733E283}.Release|x86.Build.0 = Release|Win32
		{63DD6B4F-7EFD-4F13-9E1C-003606A708FE}.Debug|x64.ActiveCfg = Debug|x64
		{63DD6B4F-7EFD-4F13-9E1C-003606A708FE}.Debug|x64.Build.0 = Debug|x64
		{63DD6B4F-7EFD-4F13-9E1C-003606A708FE}.Debug|x86.ActiveCfg = Debug|Win32
		{63DD6B4F-7EFD-4F13-9E1C-003606A708FE}.Debug|x86.Build.0 = Debug|Win32
		{63DD6B4F-7EFD-4F13-9E1C-003606A708FE}.Release|x64.ActiveCfg = Release|x64
		{63DD6B4F-7EFD-4F13-9E1C-003606A708FE}.Release|x64.Build.0 = Release|x64
		{63DD6B4F-7EFD-4F13-9E1C-003606A708FE}.Release|x86.ActiveCfg = Release|Win32
		{63DD6B4F-7EFD-4F13-9E1C-003606A708FE}.Release|x86.Build.0 = Release|Win32
		{6B0F14F9-E464-4962-A614-A8C566E49E0B}.Debug|x64.ActiveCfg = Debug|x64
		{6B0F14F9-E464-4962-A614-A8C566E49E0B}.Debug|x64.Build.0 = Debug|x64
		{6B0F14F9-E464-4962-A614-A8C566E49E0B}.Debug|x86.ActiveCfg = Debug|Win32
		{6B0F14F9-E464-4962-A614-A8C566E49E0B}.Debug|x86.Build.0 = Debug|Win32
		{6B0F14F9-E464-4962-A614-A8C566E49E0B}.Release|x64.ActiveCfg = Release|x64
		{6B0F14F9-E464-4962-A614-A8C566E49E0B}.Release|x64.Build.0 = Release|x64
		{6B0F14F9-E464-4962-A614-A8C566E49E0B}.Release|x86.ActiveCfg = Release|Win32
		{6B0F14F9-E464-4962-A614-A8C566E49E0B}.Release|x86.Build.0 = Release|Win32
		{5BA83552-27D8-48D4-B185-CAC19750C422}.Debug|x64.ActiveCfg = Debug|x64
		{5BA83552-27D8-48D4-B185-CAC19750C422}.Debug|x64.Build.0 = Debug|x64
		{5BA83552-27D8-48D4-B185-CAC19750C422}.Debug|x86.ActiveCfg = Debug|Win32
		{5BA83552-27D8-48D4-B185-CAC19750C422}.Debug|x86.Build.0 = Debug|Win32
		{5BA83552-27D8-48D4-B185-CAC19750C422}.Release|x64.ActiveCfg = Release|x64
		{5BA83552-27D8-48D4-B185-CAC19750C422}.Release|x64.Build.0 = Release|x64
		{5BA83552-27D8-48D4-B185-CAC19750C422}.Release|x86.ActiveCfg = Release|Win32
		{5BA83552-27D8-48D4-B185-CAC19750C422}.Release|x86.Build.0 = Release|Win32
		{24021810-BFC3-41DB-9793-2B205DA91C9F}.Debug|x64.ActiveCfg = Debug|x64
		{24021810-BFC3-41DB-9793-2B205DA91C9F}.Debug|x64.Build.0 = Debug|x64
		{24021810-BFC3-41DB-9793-2B205DA91C9F}.Debug|x86.ActiveCfg = Debug|Win32
		{24021810-BFC3-41DB-9793-2B205DA91C9F}.Debug|x86.Build.0 = Debug|Win32
		{24021810-BFC3-41DB-9793-2B205DA91C9F}.Release|x64.ActiveCfg = Release|x64
		{24021810-BFC3-41DB-9793-2B205DA91C9F}.Release|x64.Build.0 = Release|x64
		{24021810-BFC3-41DB-9793-2B205DA91C9F}.Release|x86.ActiveCfg = Release|Win32
		{24021810-BFC3-41DB-9793-2B205DA91C9F}.Release|x86.Build.0 = Release|Win32
		{0128F42D-4E22-4740-A5C6-56642317E3FF}.Debug|x64.ActiveCfg = Debug|x64
		{0128F42D-4E22-4740-A5C6-56642317E3FF}.Debug|x64.Build.0 = Debug|x64
		{0128F42D-4E22-4740-A5C6-56642317E3FF}.Debug|x86.ActiveCfg = Debug|Win32
		{0128F42D-4E22-4740-A5C6-56642317E3FF}.Debug|x86.Build.0 = Debug|Win32
		{0128F42D-4E22-4740-A5C6-56642317E3FF}.Release|x64.ActiveCfg = Release|x64
		{0128F42D-4E22-4740-A5C6-56642317E3FF}.Release|x64.Build.0 = Release|x64
		{0128F42D-4E22-4740-A5C6-56642317E3FF}.Release|x86.ActiveCfg = Release|Win32
		{0128F42D-4E22-4740-A5C6-56642317E3FF}.Release|x86.Build.0 = Release|Win32
		{629CA95A-EC59-4B8E-9862-ABAB23833735}.Debug|x64.ActiveCfg = Debug|x64
		{629CA95A-EC59-4B8E-9862-ABAB23833735}.Debug|x64.Build.0 = Debug|x64
		{629CA95A-EC59-4B8E-9862-ABAB23833735}.Debug|x86.ActiveCfg = Debug|Win32
		{629CA95A-EC59-4B8E-9862-ABAB23833735}.Debug|x86.Build.0 = Debug|Win32
		{629CA95A-EC59-4B8E-9862-ABAB23833735}.Release|x64.ActiveCfg = Release|x64
		{629CA95A-EC59-4B8E-9862-ABAB23833735}.Release|x64.Build.0 = Release|x64
		{629CA95A-EC59-4B8E-9862-ABAB23833735}.Release|x86.ActiveCfg = Release|Win32
		{629CA95A-EC59-4B8E-9862-ABAB23833735}.Release|x86.Build.0 = Release|Win32
		{601B049D-6DEF-4BA7-8866-16042AA4C6B8}.Debug|x64.ActiveCfg = Debug|x64
		{601B049D-6DEF-4BA7-8866-16042AA4C6B8}.Debug|x64.Build.0 = Debug|x64
		{601B049D-6DEF-4BA7-8866-16042AA4C6B8}.Debug|x86.ActiveCfg = Debug|Win32
		{601B049D-6DEF-4BA7-8866-16042AA4C6B8}.Debug|x86.Build.0 = Debug|Win32
		{601B049D-6DEF-4BA7-8866-16042AA4C6B8}.Release|x64.ActiveCfg = Release|x64
		{601B049D-6DEF-4BA7-8866-16042AA4C6B8}.Release|x64.Build.0 = Release|x64
		{601B049D-6DEF-4BA7-8866-16042AA4C6B8}.Release|x86.ActiveCfg = Release|Win32
		{601B049D-6DEF-4BA7-8866-16042AA4C6B8}.Release|x86.Build.0 = Release|Win32
	EndGlobalSection
	GlobalSection(SolutionProperties) = preSolution
		HideSolutionNode = FALSE
	EndGlobalSection
EndGlobal
